
Microsoft Visual Studio Solution File, Format Version 12.00
# Visual Studio Version 17
VisualStudioVersion = 17.11.35312.102
MinimumVisualStudioVersion = 10.0.40219.1
Project("{FAE04EC0-301F-11D3-BF4B-00C04F79EFBC}") = "WebSocketServerProject", "WebSocketServerProject\WebSocketServerProject.csproj", "{10F8C1A7-836F-485A-B1A0-4207C8DFC296}"
EndProject
Global
	GlobalSection(SolutionConfigurationPlatforms) = preSolution
		Debug|Any CPU = Debug|Any CPU
		Release|Any CPU = Release|Any CPU
	EndGlobalSection
	GlobalSection(ProjectConfigurationPlatforms) = postSolution
		{10F8C1A7-836F-485A-B1A0-4207C8DFC296}.Debug|Any CPU.ActiveCfg = Debug|Any CPU
		{10F8C1A7-836F-485A-B1A0-4207C8DFC296}.Debug|Any CPU.Build.0 = Debug|Any CPU
		{10F8C1A7-836F-485A-B1A0-4207C8DFC296}.Release|Any CPU.ActiveCfg = Release|Any CPU
		{10F8C1A7-836F-485A-B1A0-4207C8DFC296}.Release|Any CPU.Build.0 = Release|Any CPU
	EndGlobalSection
	GlobalSection(SolutionProperties) = preSolution
		HideSolutionNode = FALSE
	EndGlobalSection
	GlobalSection(ExtensibilityGlobals) = postSolution
		SolutionGuid = {ACEF3940-8E6D-4052-8BA2-F8161FDAE36B}
	EndGlobalSection
EndGlobal
